
Microsoft Visual Studio Solution File, Format Version 12.00
# Visual Studio Version 17
VisualStudioVersion = 17.3.32929.385
MinimumVisualStudioVersion = 10.0.40219.1
Project("{FAE04EC0-301F-11D3-BF4B-00C04F79EFBC}") = "MetodaSzablonowa", "MetodaSzablonowa\MetodaSzablonowa.csproj", "{5ED4A549-CBE2-45AE-9BED-8A18104BADDB}"
EndProject
Global
	GlobalSection(SolutionConfigurationPlatforms) = preSolution
		Debug|Any CPU = Debug|Any CPU
		Release|Any CPU = Release|Any CPU
	EndGlobalSection
	GlobalSection(ProjectConfigurationPlatforms) = postSolution
		{5ED4A549-CBE2-45AE-9BED-8A18104BADDB}.Debug|Any CPU.ActiveCfg = Debug|Any CPU
		{5ED4A549-CBE2-45AE-9BED-8A18104BADDB}.Debug|Any CPU.Build.0 = Debug|Any CPU
		{5ED4A549-CBE2-45AE-9BED-8A18104BADDB}.Release|Any CPU.ActiveCfg = Release|Any CPU
		{5ED4A549-CBE2-45AE-9BED-8A18104BADDB}.Release|Any CPU.Build.0 = Release|Any CPU
	EndGlobalSection
	GlobalSection(SolutionProperties) = preSolution
		HideSolutionNode = FALSE
	EndGlobalSection
	GlobalSection(ExtensibilityGlobals) = postSolution
		SolutionGuid = {AD630570-FCBB-4A03-A9AD-DFF2E249497A}
	EndGlobalSection
EndGlobal
