
Microsoft Visual Studio Solution File, Format Version 12.00
# Visual Studio Version 17
VisualStudioVersion = 17.3.32929.385
MinimumVisualStudioVersion = 10.0.40219.1
Project("{FAE04EC0-301F-11D3-BF4B-00C04F79EFBC}") = "Stan", "Stan\Stan.csproj", "{CF1AA0E2-697A-43B6-921D-D8CE2F7B7158}"
EndProject
Global
	GlobalSection(SolutionConfigurationPlatforms) = preSolution
		Debug|Any CPU = Debug|Any CPU
		Release|Any CPU = Release|Any CPU
	EndGlobalSection
	GlobalSection(ProjectConfigurationPlatforms) = postSolution
		{CF1AA0E2-697A-43B6-921D-D8CE2F7B7158}.Debug|Any CPU.ActiveCfg = Debug|Any CPU
		{CF1AA0E2-697A-43B6-921D-D8CE2F7B7158}.Debug|Any CPU.Build.0 = Debug|Any CPU
		{CF1AA0E2-697A-43B6-921D-D8CE2F7B7158}.Release|Any CPU.ActiveCfg = Release|Any CPU
		{CF1AA0E2-697A-43B6-921D-D8CE2F7B7158}.Release|Any CPU.Build.0 = Release|Any CPU
	EndGlobalSection
	GlobalSection(SolutionProperties) = preSolution
		HideSolutionNode = FALSE
	EndGlobalSection
	GlobalSection(ExtensibilityGlobals) = postSolution
		SolutionGuid = {E57AB5B3-C4AC-418D-B067-C17CFFB92234}
	EndGlobalSection
EndGlobal
