
Microsoft Visual Studio Solution File, Format Version 12.00
# Visual Studio Version 17
VisualStudioVersion = 17.3.32929.385
MinimumVisualStudioVersion = 10.0.40219.1
Project("{FAE04EC0-301F-11D3-BF4B-00C04F79EFBC}") = "Odwiedzajacy", "Odwiedzajacy\Odwiedzajacy.csproj", "{7DD97A13-A009-4666-9CF4-B92034901E11}"
EndProject
Global
	GlobalSection(SolutionConfigurationPlatforms) = preSolution
		Debug|Any CPU = Debug|Any CPU
		Release|Any CPU = Release|Any CPU
	EndGlobalSection
	GlobalSection(ProjectConfigurationPlatforms) = postSolution
		{7DD97A13-A009-4666-9CF4-B92034901E11}.Debug|Any CPU.ActiveCfg = Debug|Any CPU
		{7DD97A13-A009-4666-9CF4-B92034901E11}.Debug|Any CPU.Build.0 = Debug|Any CPU
		{7DD97A13-A009-4666-9CF4-B92034901E11}.Release|Any CPU.ActiveCfg = Release|Any CPU
		{7DD97A13-A009-4666-9CF4-B92034901E11}.Release|Any CPU.Build.0 = Release|Any CPU
	EndGlobalSection
	GlobalSection(SolutionProperties) = preSolution
		HideSolutionNode = FALSE
	EndGlobalSection
	GlobalSection(ExtensibilityGlobals) = postSolution
		SolutionGuid = {626A2203-D232-4D48-ABF2-953FC9BDC3C9}
	EndGlobalSection
EndGlobal
