
Microsoft Visual Studio Solution File, Format Version 12.00
# Visual Studio Version 17
VisualStudioVersion = 17.3.32929.385
MinimumVisualStudioVersion = 10.0.40219.1
Project("{FAE04EC0-301F-11D3-BF4B-00C04F79EFBC}") = "Dekorator", "Dekorator\Dekorator.csproj", "{3C297C50-B7B0-4758-9C77-F7F941AC089D}"
EndProject
Global
	GlobalSection(SolutionConfigurationPlatforms) = preSolution
		Debug|Any CPU = Debug|Any CPU
		Release|Any CPU = Release|Any CPU
	EndGlobalSection
	GlobalSection(ProjectConfigurationPlatforms) = postSolution
		{3C297C50-B7B0-4758-9C77-F7F941AC089D}.Debug|Any CPU.ActiveCfg = Debug|Any CPU
		{3C297C50-B7B0-4758-9C77-F7F941AC089D}.Debug|Any CPU.Build.0 = Debug|Any CPU
		{3C297C50-B7B0-4758-9C77-F7F941AC089D}.Release|Any CPU.ActiveCfg = Release|Any CPU
		{3C297C50-B7B0-4758-9C77-F7F941AC089D}.Release|Any CPU.Build.0 = Release|Any CPU
	EndGlobalSection
	GlobalSection(SolutionProperties) = preSolution
		HideSolutionNode = FALSE
	EndGlobalSection
	GlobalSection(ExtensibilityGlobals) = postSolution
		SolutionGuid = {3022213D-56B8-4ABD-866A-81677B276E4F}
	EndGlobalSection
EndGlobal
