
Microsoft Visual Studio Solution File, Format Version 12.00
# Visual Studio Version 17
VisualStudioVersion = 17.3.32929.385
MinimumVisualStudioVersion = 10.0.40219.1
Project("{FAE04EC0-301F-11D3-BF4B-00C04F79EFBC}") = "Interpreter", "Interpreter\Interpreter.csproj", "{0CA11B90-C878-45EE-95F7-832B7597CFD2}"
EndProject
Global
	GlobalSection(SolutionConfigurationPlatforms) = preSolution
		Debug|Any CPU = Debug|Any CPU
		Release|Any CPU = Release|Any CPU
	EndGlobalSection
	GlobalSection(ProjectConfigurationPlatforms) = postSolution
		{0CA11B90-C878-45EE-95F7-832B7597CFD2}.Debug|Any CPU.ActiveCfg = Debug|Any CPU
		{0CA11B90-C878-45EE-95F7-832B7597CFD2}.Debug|Any CPU.Build.0 = Debug|Any CPU
		{0CA11B90-C878-45EE-95F7-832B7597CFD2}.Release|Any CPU.ActiveCfg = Release|Any CPU
		{0CA11B90-C878-45EE-95F7-832B7597CFD2}.Release|Any CPU.Build.0 = Release|Any CPU
	EndGlobalSection
	GlobalSection(SolutionProperties) = preSolution
		HideSolutionNode = FALSE
	EndGlobalSection
	GlobalSection(ExtensibilityGlobals) = postSolution
		SolutionGuid = {1412C588-F9DF-45CE-A19F-94219C3AE230}
	EndGlobalSection
EndGlobal
