
Microsoft Visual Studio Solution File, Format Version 12.00
# Visual Studio Version 17
VisualStudioVersion = 17.3.32929.385
MinimumVisualStudioVersion = 10.0.40219.1
Project("{FAE04EC0-301F-11D3-BF4B-00C04F79EFBC}") = "Fasada", "Fasada\Fasada.csproj", "{F7C8C74D-79B1-420A-9F31-EBE4B4F04778}"
EndProject
Global
	GlobalSection(SolutionConfigurationPlatforms) = preSolution
		Debug|Any CPU = Debug|Any CPU
		Release|Any CPU = Release|Any CPU
	EndGlobalSection
	GlobalSection(ProjectConfigurationPlatforms) = postSolution
		{F7C8C74D-79B1-420A-9F31-EBE4B4F04778}.Debug|Any CPU.ActiveCfg = Debug|Any CPU
		{F7C8C74D-79B1-420A-9F31-EBE4B4F04778}.Debug|Any CPU.Build.0 = Debug|Any CPU
		{F7C8C74D-79B1-420A-9F31-EBE4B4F04778}.Release|Any CPU.ActiveCfg = Release|Any CPU
		{F7C8C74D-79B1-420A-9F31-EBE4B4F04778}.Release|Any CPU.Build.0 = Release|Any CPU
	EndGlobalSection
	GlobalSection(SolutionProperties) = preSolution
		HideSolutionNode = FALSE
	EndGlobalSection
	GlobalSection(ExtensibilityGlobals) = postSolution
		SolutionGuid = {954FEBAF-C425-4EB5-A4CC-37A50D2DFA65}
	EndGlobalSection
EndGlobal
